
Microsoft Visual Studio Solution File, Format Version 12.00
Project("{FAE04EC0-301F-11D3-BF4B-00C04F79EFBC}") = "DependencyInjectionContainer", "DependencyInjectionContainer\DependencyInjectionContainer.csproj", "{1297AAD6-1868-4C91-9B3B-A9DD396B36DA}"
EndProject
Global
	GlobalSection(SolutionConfigurationPlatforms) = preSolution
		Debug|Any CPU = Debug|Any CPU
		Release|Any CPU = Release|Any CPU
	EndGlobalSection
	GlobalSection(ProjectConfigurationPlatforms) = postSolution
		{1297AAD6-1868-4C91-9B3B-A9DD396B36DA}.Debug|Any CPU.ActiveCfg = Debug|Any CPU
		{1297AAD6-1868-4C91-9B3B-A9DD396B36DA}.Debug|Any CPU.Build.0 = Debug|Any CPU
		{1297AAD6-1868-4C91-9B3B-A9DD396B36DA}.Release|Any CPU.ActiveCfg = Release|Any CPU
		{1297AAD6-1868-4C91-9B3B-A9DD396B36DA}.Release|Any CPU.Build.0 = Release|Any CPU
	EndGlobalSection
EndGlobal
